github.com/wowchemy/wowchemy-hugo-modules/wowchemy-cms/v5 v5.0.0-20211231133358-6d4989f90f7a h1:f/NgjHm7mIosNKXlJuLb95waWukCKOedFAr6/nxGsj8=
github.com/wowchemy/wowchemy-hugo-modules/wowchemy-cms/v5 v5.0.0-20211231133358-6d4989f90f7a/go.mod h1:Sp/AKo+2HAPi/IPHp1MEdKPmee+mzO5+efUBUPLPqPE=
github.com/wowchemy/wowchemy-hugo-modules/wowchemy/v5 v5.0.0-20211231133358-6d4989f90f7a h1:mRLbuALXyYdnRJrAQt6QKCy4XeNZEooD+pSKByBjFY0=
github.com/wowchemy/wowchemy-hugo-modules/wowchemy/v5 v5.0.0-20211231133358-6d4989f90f7a/go.mod h1:2iL9rdrUYyJXX2BeHKfK+QbqZlubCsaR60nQ87NRQTY=
github.com/wowchemy/wowchemy-hugo-themes/modules/wowchemy-core v0.1.0/go.mod h1:kJwI9H8dicHQCnP8G9EvUDI+oNg/yXcGsjGjwjXuM8I=
github.com/wowchemy/wowchemy-hugo-themes/modules/wowchemy-plugin-reveal v1.0.0 h1:EYUeXFaj/roT2MtbZf9gaOTtG+S4bJWYGvNgxVdEspY=
github.com/wowchemy/wowchemy-hugo-themes/modules/wowchemy-plugin-reveal v1.0.0/go.mod h1:u2hgU45C6Oi3CwMzSNvTwuRTsKs7O46EG3MTjNKu7gE=
